
Microsoft Visual Studio Solution File, Format Version 12.00
# Visual Studio Version 17
VisualStudioVersion = 17.7.34031.279
MinimumVisualStudioVersion = 10.0.40219.1
Project("{FAE04EC0-301F-11D3-BF4B-00C04F79EFBC}") = "Lab4NET", "Lab4NET.csproj", "{BD1863B4-467F-4E57-8764-A0719A2B9B0A}"
EndProject
Global
	GlobalSection(SolutionConfigurationPlatforms) = preSolution
		Debug|Any CPU = Debug|Any CPU
		Release|Any CPU = Release|Any CPU
	EndGlobalSection
	GlobalSection(ProjectConfigurationPlatforms) = postSolution
		{BD1863B4-467F-4E57-8764-A0719A2B9B0A}.Debug|Any CPU.ActiveCfg = Debug|Any CPU
		{BD1863B4-467F-4E57-8764-A0719A2B9B0A}.Debug|Any CPU.Build.0 = Debug|Any CPU
		{BD1863B4-467F-4E57-8764-A0719A2B9B0A}.Release|Any CPU.ActiveCfg = Release|Any CPU
		{BD1863B4-467F-4E57-8764-A0719A2B9B0A}.Release|Any CPU.Build.0 = Release|Any CPU
	EndGlobalSection
	GlobalSection(SolutionProperties) = preSolution
		HideSolutionNode = FALSE
	EndGlobalSection
	GlobalSection(ExtensibilityGlobals) = postSolution
		SolutionGuid = {1F6A0987-1F2B-4EE9-AE10-0BEC850EBDAC}
	EndGlobalSection
EndGlobal
